// !$*UTF8*$!
{
	archiveVersion = 1;
	classes = {
	};
	objectVersion = 56;
	objects = {

/* Begin PBXBuildFile section */
		8A3AE5F62C36888300B9E349 /* EventCountdownApp.swift in Sources */ = {isa = PBXBuildFile; fileRef = 8A3AE5F52C36888300B9E349 /* EventCountdownApp.swift */; };
		8A3AE5F82C36888300B9E349 /* ContentView.swift in Sources */ = {isa = PBXBuildFile; fileRef = 8A3AE5F72C36888300B9E349 /* ContentView.swift */; };
		8A3AE5FA2C36888500B9E349 /* Assets.xcassets in Resources */ = {isa = PBXBuildFile; fileRef = 8A3AE5F92C36888500B9E349 /* Assets.xcassets */; };
		8A3AE5FD2C36888500B9E349 /* Preview Assets.xcassets in Resources */ = {isa = PBXBuildFile; fileRef = 8A3AE5FC2C36888500B9E349 /* Preview Assets.xcassets */; };
		8A3AE6072C36888500B9E349 /* EventCountdownTests.swift in Sources */ = {isa = PBXBuildFile; fileRef = 8A3AE6062C36888500B9E349 /* EventCountdownTests.swift */; };
		8A3AE6112C36888500B9E349 /* EventCountdownUITests.swift in Sources */ = {isa = PBXBuildFile; fileRef = 8A3AE6102C36888500B9E349 /* EventCountdownUITests.swift */; };
		8A3AE6132C36888500B9E349 /* EventCountdownUITestsLaunchTests.swift in Sources */ = {isa = PBXBuildFile; fileRef = 8A3AE6122C36888500B9E349 /* EventCountdownUITestsLaunchTests.swift */; };
		8A3AE6202C36890500B9E349 /* Event.swift in Sources */ = {isa = PBXBuildFile; fileRef = 8A3AE61F2C36890500B9E349 /* Event.swift */; };
		8A3AE6222C368A8A00B9E349 /* EventRow.swift in Sources */ = {isa = PBXBuildFile; fileRef = 8A3AE6212C368A8A00B9E349 /* EventRow.swift */; };
		8A3AE6242C36F34400B9E349 /* EventsView.swift in Sources */ = {isa = PBXBuildFile; fileRef = 8A3AE6232C36F34400B9E349 /* EventsView.swift */; };
		8A3AE6262C36FB9100B9E349 /* EventsForm.swift in Sources */ = {isa = PBXBuildFile; fileRef = 8A3AE6252C36FB9100B9E349 /* EventsForm.swift */; };
/* End PBXBuildFile section */

/* Begin PBXContainerItemProxy section */
		8A3AE6032C36888500B9E349 /* PBXContainerItemProxy */ = {
			isa = PBXContainerItemProxy;
			containerPortal = 8A3AE5EA2C36888300B9E349 /* Project object */;
			proxyType = 1;
			remoteGlobalIDString = 8A3AE5F12C36888300B9E349;
			remoteInfo = EventCountdown;
		};
		8A3AE60D2C36888500B9E349 /* PBXContainerItemProxy */ = {
			isa = PBXContainerItemProxy;
			containerPortal = 8A3AE5EA2C36888300B9E349 /* Project object */;
			proxyType = 1;
			remoteGlobalIDString = 8A3AE5F12C36888300B9E349;
			remoteInfo = EventCountdown;
		};
/* End PBXContainerItemProxy section */

/* Begin PBXFileReference section */
		8A3AE5F22C36888300B9E349 /* EventCountdown.app */ = {isa = PBXFileReference; explicitFileType = wrapper.application; includeInIndex = 0; path = EventCountdown.app; sourceTree = BUILT_PRODUCTS_DIR; };
		8A3AE5F52C36888300B9E349 /* EventCountdownApp.swift */ = {isa = PBXFileReference; lastKnownFileType = sourcecode.swift; path = EventCountdownApp.swift; sourceTree = "<group>"; };
		8A3AE5F72C36888300B9E349 /* ContentView.swift */ = {isa = PBXFileReference; lastKnownFileType = sourcecode.swift; path = ContentView.swift; sourceTree = "<group>"; };
		8A3AE5F92C36888500B9E349 /* Assets.xcassets */ = {isa = PBXFileReference; lastKnownFileType = folder.assetcatalog; path = Assets.xcassets; sourceTree = "<group>"; };
		8A3AE5FC2C36888500B9E349 /* Preview Assets.xcassets */ = {isa = PBXFileReference; lastKnownFileType = folder.assetcatalog; path = "Preview Assets.xcassets"; sourceTree = "<group>"; };
		8A3AE6022C36888500B9E349 /* EventCountdownTests.xctest */ = {isa = PBXFileReference; explicitFileType = wrapper.cfbundle; includeInIndex = 0; path = EventCountdownTests.xctest; sourceTree = BUILT_PRODUCTS_DIR; };
		8A3AE6062C36888500B9E349 /* EventCountdownTests.swift */ = {isa = PBXFileReference; lastKnownFileType = sourcecode.swift; path = EventCountdownTests.swift; sourceTree = "<group>"; };
		8A3AE60C2C36888500B9E349 /* EventCountdownUITests.xctest */ = {isa = PBXFileReference; explicitFileType = wrapper.cfbundle; includeInIndex = 0; path = EventCountdownUITests.xctest; sourceTree = BUILT_PRODUCTS_DIR; };
		8A3AE6102C36888500B9E349 /* EventCountdownUITests.swift */ = {isa = PBXFileReference; lastKnownFileType = sourcecode.swift; path = EventCountdownUITests.swift; sourceTree = "<group>"; };
		8A3AE6122C36888500B9E349 /* EventCountdownUITestsLaunchTests.swift */ = {isa = PBXFileReference; lastKnownFileType = sourcecode.swift; path = EventCountdownUITestsLaunchTests.swift; sourceTree = "<group>"; };
		8A3AE61F2C36890500B9E349 /* Event.swift */ = {isa = PBXFileReference; lastKnownFileType = sourcecode.swift; path = Event.swift; sourceTree = "<group>"; };
		8A3AE6212C368A8A00B9E349 /* EventRow.swift */ = {isa = PBXFileReference; lastKnownFileType = sourcecode.swift; path = EventRow.swift; sourceTree = "<group>"; };
		8A3AE6232C36F34400B9E349 /* EventsView.swift */ = {isa = PBXFileReference; lastKnownFileType = sourcecode.swift; path = EventsView.swift; sourceTree = "<group>"; };
		8A3AE6252C36FB9100B9E349 /* EventsForm.swift */ = {isa = PBXFileReference; lastKnownFileType = sourcecode.swift; path = EventsForm.swift; sourceTree = "<group>"; };
/* End PBXFileReference section */

/* Begin PBXFrameworksBuildPhase section */
		8A3AE5EF2C36888300B9E349 /* Frameworks */ = {
			isa = PBXFrameworksBuildPhase;
			buildActionMask = 2147483647;
			files = (
			);
			runOnlyForDeploymentPostprocessing = 0;
		};
		8A3AE5FF2C36888500B9E349 /* Frameworks */ = {
			isa = PBXFrameworksBuildPhase;
			buildActionMask = 2147483647;
			files = (
			);
			runOnlyForDeploymentPostprocessing = 0;
		};
		8A3AE6092C36888500B9E349 /* Frameworks */ = {
			isa = PBXFrameworksBuildPhase;
			buildActionMask = 2147483647;
			files = (
			);
			runOnlyForDeploymentPostprocessing = 0;
		};
/* End PBXFrameworksBuildPhase section */

/* Begin PBXGroup section */
		8A3AE5E92C36888300B9E349 = {
			isa = PBXGroup;
			children = (
				8A3AE5F42C36888300B9E349 /* EventCountdown */,
				8A3AE6052C36888500B9E349 /* EventCountdownTests */,
				8A3AE60F2C36888500B9E349 /* EventCountdownUITests */,
				8A3AE5F32C36888300B9E349 /* Products */,
			);
			sourceTree = "<group>";
		};
		8A3AE5F32C36888300B9E349 /* Products */ = {
			isa = PBXGroup;
			children = (
				8A3AE5F22C36888300B9E349 /* EventCountdown.app */,
				8A3AE6022C36888500B9E349 /* EventCountdownTests.xctest */,
				8A3AE60C2C36888500B9E349 /* EventCountdownUITests.xctest */,
			);
			name = Products;
			sourceTree = "<group>";
		};
		8A3AE5F42C36888300B9E349 /* EventCountdown */ = {
			isa = PBXGroup;
			children = (
				8A3AE5F52C36888300B9E349 /* EventCountdownApp.swift */,
				8A3AE5F72C36888300B9E349 /* ContentView.swift */,
				8A3AE5F92C36888500B9E349 /* Assets.xcassets */,
				8A3AE5FB2C36888500B9E349 /* Preview Content */,
				8A3AE61F2C36890500B9E349 /* Event.swift */,
				8A3AE6212C368A8A00B9E349 /* EventRow.swift */,
				8A3AE6232C36F34400B9E349 /* EventsView.swift */,
				8A3AE6252C36FB9100B9E349 /* EventsForm.swift */,
			);
			path = EventCountdown;
			sourceTree = "<group>";
		};
		8A3AE5FB2C36888500B9E349 /* Preview Content */ = {
			isa = PBXGroup;
			children = (
				8A3AE5FC2C36888500B9E349 /* Preview Assets.xcassets */,
			);
			path = "Preview Content";
			sourceTree = "<group>";
		};
		8A3AE6052C36888500B9E349 /* EventCountdownTests */ = {
			isa = PBXGroup;
			children = (
				8A3AE6062C36888500B9E349 /* EventCountdownTests.swift */,
			);
			path = EventCountdownTests;
			sourceTree = "<group>";
		};
		8A3AE60F2C36888500B9E349 /* EventCountdownUITests */ = {
			isa = PBXGroup;
			children = (
				8A3AE6102C36888500B9E349 /* EventCountdownUITests.swift */,
				8A3AE6122C36888500B9E349 /* EventCountdownUITestsLaunchTests.swift */,
			);
			path = EventCountdownUITests;
			sourceTree = "<group>";
		};
/* End PBXGroup section */

/* Begin PBXNativeTarget section */
		8A3AE5F12C36888300B9E349 /* EventCountdown */ = {
			isa = PBXNativeTarget;
			buildConfigurationList = 8A3AE6162C36888500B9E349 /* Build configuration list for PBXNativeTarget "EventCountdown" */;
			buildPhases = (
				8A3AE5EE2C36888300B9E349 /* Sources */,
				8A3AE5EF2C36888300B9E349 /* Frameworks */,
				8A3AE5F02C36888300B9E349 /* Resources */,
			);
			buildRules = (
			);
			dependencies = (
			);
			name = EventCountdown;
			productName = EventCountdown;
			productReference = 8A3AE5F22C36888300B9E349 /* EventCountdown.app */;
			productType = "com.apple.product-type.application";
		};
		8A3AE6012C36888500B9E349 /* EventCountdownTests */ = {
			isa = PBXNativeTarget;
			buildConfigurationList = 8A3AE6192C36888500B9E349 /* Build configuration list for PBXNativeTarget "EventCountdownTests" */;
			buildPhases = (
				8A3AE5FE2C36888500B9E349 /* Sources */,
				8A3AE5FF2C36888500B9E349 /* Frameworks */,
				8A3AE6002C36888500B9E349 /* Resources */,
			);
			buildRules = (
			);
			dependencies = (
				8A3AE6042C36888500B9E349 /* PBXTargetDependency */,
			);
			name = EventCountdownTests;
			productName = EventCountdownTests;
			productReference = 8A3AE6022C36888500B9E349 /* EventCountdownTests.xctest */;
			productType = "com.apple.product-type.bundle.unit-test";
		};
		8A3AE60B2C36888500B9E349 /* EventCountdownUITests */ = {
			isa = PBXNativeTarget;
			buildConfigurationList = 8A3AE61C2C36888500B9E349 /* Build configuration list for PBXNativeTarget "EventCountdownUITests" */;
			buildPhases = (
				8A3AE6082C36888500B9E349 /* Sources */,
				8A3AE6092C36888500B9E349 /* Frameworks */,
				8A3AE60A2C36888500B9E349 /* Resources */,
			);
			buildRules = (
			);
			dependencies = (
				8A3AE60E2C36888500B9E349 /* PBXTargetDependency */,
			);
			name = EventCountdownUITests;
			productName = EventCountdownUITests;
			productReference = 8A3AE60C2C36888500B9E349 /* EventCountdownUITests.xctest */;
			productType = "com.apple.product-type.bundle.ui-testing";
		};
/* End PBXNativeTarget section */

/* Begin PBXProject section */
		8A3AE5EA2C36888300B9E349 /* Project object */ = {
			isa = PBXProject;
			attributes = {
				BuildIndependentTargetsInParallel = 1;
				LastSwiftUpdateCheck = 1540;
				LastUpgradeCheck = 1540;
				TargetAttributes = {
					8A3AE5F12C36888300B9E349 = {
						CreatedOnToolsVersion = 15.4;
					};
					8A3AE6012C36888500B9E349 = {
						CreatedOnToolsVersion = 15.4;
						TestTargetID = 8A3AE5F12C36888300B9E349;
					};
					8A3AE60B2C36888500B9E349 = {
						CreatedOnToolsVersion = 15.4;
						TestTargetID = 8A3AE5F12C36888300B9E349;
					};
				};
			};
			buildConfigurationList = 8A3AE5ED2C36888300B9E349 /* Build configuration list for PBXProject "EventCountdown" */;
			compatibilityVersion = "Xcode 14.0";
			developmentRegion = en;
			hasScannedForEncodings = 0;
			knownRegions = (
				en,
				Base,
			);
			mainGroup = 8A3AE5E92C36888300B9E349;
			productRefGroup = 8A3AE5F32C36888300B9E349 /* Products */;
			projectDirPath = "";
			projectRoot = "";
			targets = (
				8A3AE5F12C36888300B9E349 /* EventCountdown */,
				8A3AE6012C36888500B9E349 /* EventCountdownTests */,
				8A3AE60B2C36888500B9E349 /* EventCountdownUITests */,
			);
		};
/* End PBXProject section */

/* Begin PBXResourcesBuildPhase section */
		8A3AE5F02C36888300B9E349 /* Resources */ = {
			isa = PBXResourcesBuildPhase;
			buildActionMask = 2147483647;
			files = (
				8A3AE5FD2C36888500B9E349 /* Preview Assets.xcassets in Resources */,
				8A3AE5FA2C36888500B9E349 /* Assets.xcassets in Resources */,
			);
			runOnlyForDeploymentPostprocessing = 0;
		};
		8A3AE6002C36888500B9E349 /* Resources */ = {
			isa = PBXResourcesBuildPhase;
			buildActionMask = 2147483647;
			files = (
			);
			runOnlyForDeploymentPostprocessing = 0;
		};
		8A3AE60A2C36888500B9E349 /* Resources */ = {
			isa = PBXResourcesBuildPhase;
			buildActionMask = 2147483647;
			files = (
			);
			runOnlyForDeploymentPostprocessing = 0;
		};
/* End PBXResourcesBuildPhase section */

/* Begin PBXSourcesBuildPhase section */
		8A3AE5EE2C36888300B9E349 /* Sources */ = {
			isa = PBXSourcesBuildPhase;
			buildActionMask = 2147483647;
			files = (
				8A3AE5F82C36888300B9E349 /* ContentView.swift in Sources */,
				8A3AE6242C36F34400B9E349 /* EventsView.swift in Sources */,
				8A3AE6202C36890500B9E349 /* Event.swift in Sources */,
				8A3AE5F62C36888300B9E349 /* EventCountdownApp.swift in Sources */,
				8A3AE6262C36FB9100B9E349 /* EventsForm.swift in Sources */,
				8A3AE6222C368A8A00B9E349 /* EventRow.swift in Sources */,
			);
			runOnlyForDeploymentPostprocessing = 0;
		};
		8A3AE5FE2C36888500B9E349 /* Sources */ = {
			isa = PBXSourcesBuildPhase;
			buildActionMask = 2147483647;
			files = (
				8A3AE6072C36888500B9E349 /* EventCountdownTests.swift in Sources */,
			);
			runOnlyForDeploymentPostprocessing = 0;
		};
		8A3AE6082C36888500B9E349 /* Sources */ = {
			isa = PBXSourcesBuildPhase;
			buildActionMask = 2147483647;
			files = (
				8A3AE6112C36888500B9E349 /* EventCountdownUITests.swift in Sources */,
				8A3AE6132C36888500B9E349 /* EventCountdownUITestsLaunchTests.swift in Sources */,
			);
			runOnlyForDeploymentPostprocessing = 0;
		};
/* End PBXSourcesBuildPhase section */

/* Begin PBXTargetDependency section */
		8A3AE6042C36888500B9E349 /* PBXTargetDependency */ = {
			isa = PBXTargetDependency;
			target = 8A3AE5F12C36888300B9E349 /* EventCountdown */;
			targetProxy = 8A3AE6032C36888500B9E349 /* PBXContainerItemProxy */;
		};
		8A3AE60E2C36888500B9E349 /* PBXTargetDependency */ = {
			isa = PBXTargetDependency;
			target = 8A3AE5F12C36888300B9E349 /* EventCountdown */;
			targetProxy = 8A3AE60D2C36888500B9E349 /* PBXContainerItemProxy */;
		};
/* End PBXTargetDependency section */

/* Begin XCBuildConfiguration section */
		8A3AE6142C36888500B9E349 /* Debug */ = {
			isa = XCBuildConfiguration;
			buildSettings = {
				ALWAYS_SEARCH_USER_PATHS = NO;
				ASSETCATALOG_COMPILER_GENERATE_SWIFT_ASSET_SYMBOL_EXTENSIONS = YES;
				CLANG_ANALYZER_NONNULL = YES;
				CLANG_ANALYZER_NUMBER_OBJECT_CONVERSION = YES_AGGRESSIVE;
				CLANG_CXX_LANGUAGE_STANDARD = "gnu++20";
				CLANG_ENABLE_MODULES = YES;
				CLANG_ENABLE_OBJC_ARC = YES;
				CLANG_ENABLE_OBJC_WEAK = YES;
				CLANG_WARN_BLOCK_CAPTURE_AUTORELEASING = YES;
				CLANG_WARN_BOOL_CONVERSION = YES;
				CLANG_WARN_COMMA = YES;
				CLANG_WARN_CONSTANT_CONVERSION = YES;
				CLANG_WARN_DEPRECATED_OBJC_IMPLEMENTATIONS = YES;
				CLANG_WARN_DIRECT_OBJC_ISA_USAGE = YES_ERROR;
				CLANG_WARN_DOCUMENTATION_COMMENTS = YES;
				CLANG_WARN_EMPTY_BODY = YES;
				CLANG_WARN_ENUM_CONVERSION = YES;
				CLANG_WARN_INFINITE_RECURSION = YES;
				CLANG_WARN_INT_CONVERSION = YES;
				CLANG_WARN_NON_LITERAL_NULL_CONVERSION = YES;
				CLANG_WARN_OBJC_IMPLICIT_RETAIN_SELF = YES;
				CLANG_WARN_OBJC_LITERAL_CONVERSION = YES;
				CLANG_WARN_OBJC_ROOT_CLASS = YES_ERROR;
				CLANG_WARN_QUOTED_INCLUDE_IN_FRAMEWORK_HEADER = YES;
				CLANG_WARN_RANGE_LOOP_ANALYSIS = YES;
				CLANG_WARN_STRICT_PROTOTYPES = YES;
				CLANG_WARN_SUSPICIOUS_MOVE = YES;
				CLANG_WARN_UNGUARDED_AVAILABILITY = YES_AGGRESSIVE;
				CLANG_WARN_UNREACHABLE_CODE = YES;
				CLANG_WARN__DUPLICATE_METHOD_MATCH = YES;
				COPY_PHASE_STRIP = NO;
				DEBUG_INFORMATION_FORMAT = dwarf;
				ENABLE_STRICT_OBJC_MSGSEND = YES;
				ENABLE_TESTABILITY = YES;
				ENABLE_USER_SCRIPT_SANDBOXING = YES;
				GCC_C_LANGUAGE_STANDARD = gnu17;
				GCC_DYNAMIC_NO_PIC = NO;
				GCC_NO_COMMON_BLOCKS = YES;
				GCC_OPTIMIZATION_LEVEL = 0;
				GCC_PREPROCESSOR_DEFINITIONS = (
					"DEBUG=1",
					"$(inherited)",
				);
				GCC_WARN_64_TO_32_BIT_CONVERSION = YES;
				GCC_WARN_ABOUT_RETURN_TYPE = YES_ERROR;
				GCC_WARN_UNDECLARED_SELECTOR = YES;
				GCC_WARN_UNINITIALIZED_AUTOS = YES_AGGRESSIVE;
				GCC_WARN_UNUSED_FUNCTION = YES;
				GCC_WARN_UNUSED_VARIABLE = YES;
				IPHONEOS_DEPLOYMENT_TARGET = 17.5;
				LOCALIZATION_PREFERS_STRING_CATALOGS = YES;
				MTL_ENABLE_DEBUG_INFO = INCLUDE_SOURCE;
				MTL_FAST_MATH = YES;
				ONLY_ACTIVE_ARCH = YES;
				SDKROOT = iphoneos;
				SWIFT_ACTIVE_COMPILATION_CONDITIONS = "DEBUG $(inherited)";
				SWIFT_OPTIMIZATION_LEVEL = "-Onone";
			};
			name = Debug;
		};
		8A3AE6152C36888500B9E349 /* Release */ = {
			isa = XCBuildConfiguration;
			buildSettings = {
				ALWAYS_SEARCH_USER_PATHS = NO;
				ASSETCATALOG_COMPILER_GENERATE_SWIFT_ASSET_SYMBOL_EXTENSIONS = YES;
				CLANG_ANALYZER_NONNULL = YES;
				CLANG_ANALYZER_NUMBER_OBJECT_CONVERSION = YES_AGGRESSIVE;
				CLANG_CXX_LANGUAGE_STANDARD = "gnu++20";
				CLANG_ENABLE_MODULES = YES;
				CLANG_ENABLE_OBJC_ARC = YES;
				CLANG_ENABLE_OBJC_WEAK = YES;
				CLANG_WARN_BLOCK_CAPTURE_AUTORELEASING = YES;
				CLANG_WARN_BOOL_CONVERSION = YES;
				CLANG_WARN_COMMA = YES;
				CLANG_WARN_CONSTANT_CONVERSION = YES;
				CLANG_WARN_DEPRECATED_OBJC_IMPLEMENTATIONS = YES;
				CLANG_WARN_DIRECT_OBJC_ISA_USAGE = YES_ERROR;
				CLANG_WARN_DOCUMENTATION_COMMENTS = YES;
				CLANG_WARN_EMPTY_BODY = YES;
				CLANG_WARN_ENUM_CONVERSION = YES;
				CLANG_WARN_INFINITE_RECURSION = YES;
				CLANG_WARN_INT_CONVERSION = YES;
				CLANG_WARN_NON_LITERAL_NULL_CONVERSION = YES;
				CLANG_WARN_OBJC_IMPLICIT_RETAIN_SELF = YES;
				CLANG_WARN_OBJC_LITERAL_CONVERSION = YES;
				CLANG_WARN_OBJC_ROOT_CLASS = YES_ERROR;
				CLANG_WARN_QUOTED_INCLUDE_IN_FRAMEWORK_HEADER = YES;
				CLANG_WARN_RANGE_LOOP_ANALYSIS = YES;
				CLANG_WARN_STRICT_PROTOTYPES = YES;
				CLANG_WARN_SUSPICIOUS_MOVE = YES;
				CLANG_WARN_UNGUARDED_AVAILABILITY = YES_AGGRESSIVE;
				CLANG_WARN_UNREACHABLE_CODE = YES;
				CLANG_WARN__DUPLICATE_METHOD_MATCH = YES;
				COPY_PHASE_STRIP = NO;
				DEBUG_INFORMATION_FORMAT = "dwarf-with-dsym";
				ENABLE_NS_ASSERTIONS = NO;
				ENABLE_STRICT_OBJC_MSGSEND = YES;
				ENABLE_USER_SCRIPT_SANDBOXING = YES;
				GCC_C_LANGUAGE_STANDARD = gnu17;
				GCC_NO_COMMON_BLOCKS = YES;
				GCC_WARN_64_TO_32_BIT_CONVERSION = YES;
				GCC_WARN_ABOUT_RETURN_TYPE = YES_ERROR;
				GCC_WARN_UNDECLARED_SELECTOR = YES;
				GCC_WARN_UNINITIALIZED_AUTOS = YES_AGGRESSIVE;
				GCC_WARN_UNUSED_FUNCTION = YES;
				GCC_WARN_UNUSED_VARIABLE = YES;
				IPHONEOS_DEPLOYMENT_TARGET = 17.5;
				LOCALIZATION_PREFERS_STRING_CATALOGS = YES;
				MTL_ENABLE_DEBUG_INFO = NO;
				MTL_FAST_MATH = YES;
				SDKROOT = iphoneos;
				SWIFT_COMPILATION_MODE = wholemodule;
				VALIDATE_PRODUCT = YES;
			};
			name = Release;
		};
		8A3AE6172C36888500B9E349 /* Debug */ = {
			isa = XCBuildConfiguration;
			buildSettings = {
				ASSETCATALOG_COMPILER_APPICON_NAME = AppIcon;
				ASSETCATALOG_COMPILER_GLOBAL_ACCENT_COLOR_NAME = AccentColor;
				CODE_SIGN_STYLE = Automatic;
				CURRENT_PROJECT_VERSION = 1;
				DEVELOPMENT_ASSET_PATHS = "\"EventCountdown/Preview Content\"";
				ENABLE_PREVIEWS = YES;
				GENERATE_INFOPLIST_FILE = YES;
				INFOPLIST_KEY_UIApplicationSceneManifest_Generation = YES;
				INFOPLIST_KEY_UIApplicationSupportsIndirectInputEvents = YES;
				INFOPLIST_KEY_UILaunchScreen_Generation = YES;
				INFOPLIST_KEY_UISupportedInterfaceOrientations_iPad = "UIInterfaceOrientationPortrait UIInterfaceOrientationPortraitUpsideDown UIInterfaceOrientationLandscapeLeft UIInterfaceOrientationLandscapeRight";
				INFOPLIST_KEY_UISupportedInterfaceOrientations_iPhone = "UIInterfaceOrientationPortrait UIInterfaceOrientationLandscapeLeft UIInterfaceOrientationLandscapeRight";
				LD_RUNPATH_SEARCH_PATHS = (
					"$(inherited)",
					"@executable_path/Frameworks",
				);
				MARKETING_VERSION = 1.0;
				PRODUCT_BUNDLE_IDENTIFIER = com.udacity.EventCountdown;
				PRODUCT_NAME = "$(TARGET_NAME)";
				SWIFT_EMIT_LOC_STRINGS = YES;
				SWIFT_VERSION = 5.0;
				TARGETED_DEVICE_FAMILY = "1,2";
			};
			name = Debug;
		};
		8A3AE6182C36888500B9E349 /* Release */ = {
			isa = XCBuildConfiguration;
			buildSettings = {
				ASSETCATALOG_COMPILER_APPICON_NAME = AppIcon;
				ASSETCATALOG_COMPILER_GLOBAL_ACCENT_COLOR_NAME = AccentColor;
				CODE_SIGN_STYLE = Automatic;
				CURRENT_PROJECT_VERSION = 1;
				DEVELOPMENT_ASSET_PATHS = "\"EventCountdown/Preview Content\"";
				ENABLE_PREVIEWS = YES;
				GENERATE_INFOPLIST_FILE = YES;
				INFOPLIST_KEY_UIApplicationSceneManifest_Generation = YES;
				INFOPLIST_KEY_UIApplicationSupportsIndirectInputEvents = YES;
				INFOPLIST_KEY_UILaunchScreen_Generation = YES;
				INFOPLIST_KEY_UISupportedInterfaceOrientations_iPad = "UIInterfaceOrientationPortrait UIInterfaceOrientationPortraitUpsideDown UIInterfaceOrientationLandscapeLeft UIInterfaceOrientationLandscapeRight";
				INFOPLIST_KEY_UISupportedInterfaceOrientations_iPhone = "UIInterfaceOrientationPortrait UIInterfaceOrientationLandscapeLeft UIInterfaceOrientationLandscapeRight";
				LD_RUNPATH_SEARCH_PATHS = (
					"$(inherited)",
					"@executable_path/Frameworks",
				);
				MARKETING_VERSION = 1.0;
				PRODUCT_BUNDLE_IDENTIFIER = com.udacity.EventCountdown;
				PRODUCT_NAME = "$(TARGET_NAME)";
				SWIFT_EMIT_LOC_STRINGS = YES;
				SWIFT_VERSION = 5.0;
				TARGETED_DEVICE_FAMILY = "1,2";
			};
			name = Release;
		};
		8A3AE61A2C36888500B9E349 /* Debug */ = {
			isa = XCBuildConfiguration;
			buildSettings = {
				ALWAYS_EMBED_SWIFT_STANDARD_LIBRARIES = YES;
				BUNDLE_LOADER = "$(TEST_HOST)";
				CODE_SIGN_STYLE = Automatic;
				CURRENT_PROJECT_VERSION = 1;
				GENERATE_INFOPLIST_FILE = YES;
				IPHONEOS_DEPLOYMENT_TARGET = 17.5;
				MARKETING_VERSION = 1.0;
				PRODUCT_BUNDLE_IDENTIFIER = com.udacity.EventCountdownTests;
				PRODUCT_NAME = "$(TARGET_NAME)";
				SWIFT_EMIT_LOC_STRINGS = NO;
				SWIFT_VERSION = 5.0;
				TARGETED_DEVICE_FAMILY = "1,2";
				TEST_HOST = "$(BUILT_PRODUCTS_DIR)/EventCountdown.app/$(BUNDLE_EXECUTABLE_FOLDER_PATH)/EventCountdown";
			};
			name = Debug;
		};
		8A3AE61B2C36888500B9E349 /* Release */ = {
			isa = XCBuildConfiguration;
			buildSettings = {
				ALWAYS_EMBED_SWIFT_STANDARD_LIBRARIES = YES;
				BUNDLE_LOADER = "$(TEST_HOST)";
				CODE_SIGN_STYLE = Automatic;
				CURRENT_PROJECT_VERSION = 1;
				GENERATE_INFOPLIST_FILE = YES;
				IPHONEOS_DEPLOYMENT_TARGET = 17.5;
				MARKETING_VERSION = 1.0;
				PRODUCT_BUNDLE_IDENTIFIER = com.udacity.EventCountdownTests;
				PRODUCT_NAME = "$(TARGET_NAME)";
				SWIFT_EMIT_LOC_STRINGS = NO;
				SWIFT_VERSION = 5.0;
				TARGETED_DEVICE_FAMILY = "1,2";
				TEST_HOST = "$(BUILT_PRODUCTS_DIR)/EventCountdown.app/$(BUNDLE_EXECUTABLE_FOLDER_PATH)/EventCountdown";
			};
			name = Release;
		};
		8A3AE61D2C36888500B9E349 /* Debug */ = {
			isa = XCBuildConfiguration;
			buildSettings = {
				ALWAYS_EMBED_SWIFT_STANDARD_LIBRARIES = YES;
				CODE_SIGN_STYLE = Automatic;
				CURRENT_PROJECT_VERSION = 1;
				GENERATE_INFOPLIST_FILE = YES;
				MARKETING_VERSION = 1.0;
				PRODUCT_BUNDLE_IDENTIFIER = com.udacity.EventCountdownUITests;
				PRODUCT_NAME = "$(TARGET_NAME)";
				SWIFT_EMIT_LOC_STRINGS = NO;
				SWIFT_VERSION = 5.0;
				TARGETED_DEVICE_FAMILY = "1,2";
				TEST_TARGET_NAME = EventCountdown;
			};
			name = Debug;
		};
		8A3AE61E2C36888500B9E349 /* Release */ = {
			isa = XCBuildConfiguration;
			buildSettings = {
				ALWAYS_EMBED_SWIFT_STANDARD_LIBRARIES = YES;
				CODE_SIGN_STYLE = Automatic;
				CURRENT_PROJECT_VERSION = 1;
				GENERATE_INFOPLIST_FILE = YES;
				MARKETING_VERSION = 1.0;
				PRODUCT_BUNDLE_IDENTIFIER = com.udacity.EventCountdownUITests;
				PRODUCT_NAME = "$(TARGET_NAME)";
				SWIFT_EMIT_LOC_STRINGS = NO;
				SWIFT_VERSION = 5.0;
				TARGETED_DEVICE_FAMILY = "1,2";
				TEST_TARGET_NAME = EventCountdown;
			};
			name = Release;
		};
/* End XCBuildConfiguration section */

/* Begin XCConfigurationList section */
		8A3AE5ED2C36888300B9E349 /* Build configuration list for PBXProject "EventCountdown" */ = {
			isa = XCConfigurationList;
			buildConfigurations = (
				8A3AE6142C36888500B9E349 /* Debug */,
				8A3AE6152C36888500B9E349 /* Release */,
			);
			defaultConfigurationIsVisible = 0;
			defaultConfigurationName = Release;
		};
		8A3AE6162C36888500B9E349 /* Build configuration list for PBXNativeTarget "EventCountdown" */ = {
			isa = XCConfigurationList;
			buildConfigurations = (
				8A3AE6172C36888500B9E349 /* Debug */,
				8A3AE6182C36888500B9E349 /* Release */,
			);
			defaultConfigurationIsVisible = 0;
			defaultConfigurationName = Release;
		};
		8A3AE6192C36888500B9E349 /* Build configuration list for PBXNativeTarget "EventCountdownTests" */ = {
			isa = XCConfigurationList;
			buildConfigurations = (
				8A3AE61A2C36888500B9E349 /* Debug */,
				8A3AE61B2C36888500B9E349 /* Release */,
			);
			defaultConfigurationIsVisible = 0;
			defaultConfigurationName = Release;
		};
		8A3AE61C2C36888500B9E349 /* Build configuration list for PBXNativeTarget "EventCountdownUITests" */ = {
			isa = XCConfigurationList;
			buildConfigurations = (
				8A3AE61D2C36888500B9E349 /* Debug */,
				8A3AE61E2C36888500B9E349 /* Release */,
			);
			defaultConfigurationIsVisible = 0;
			defaultConfigurationName = Release;
		};
/* End XCConfigurationList section */
	};
	rootObject = 8A3AE5EA2C36888300B9E349 /* Project object */;
}
